{
  "name": "webserver",
  "version": "1.0.16",
  "lockfileVersion": 2,
  "requires": true,
  "packages": {
    "": {
      "name": "webserver",
      "version": "1.0.16",
      "license": "GPL-3.0-or-later",
      "dependencies": {
        "zeromq": "^5.3.1"
      },
      "devDependencies": {}
    },
    "node_modules/nan": {
      "version": "2.17.0",
      "resolved": "https://registry.npmjs.org/nan/-/nan-2.17.0.tgz",
      "integrity": "sha512-2ZTgtl0nJsO0KQCjEpxcIr5D+Yv90plTitZt9JBfQvVJDS5seMl3FOvsh3+9CoYWXf/1l5OaZzzF6nDm4cagaQ=="
    },
    "node_modules/node-gyp-build": {
      "version": "4.6.0",
      "resolved": "https://registry.npmjs.org/node-gyp-build/-/node-gyp-build-4.6.0.tgz",
      "integrity": "sha512-NTZVKn9IylLwUzaKjkas1e4u2DLNcV4rdYagA4PWdPwW87Bi7z+BznyKSRwS/761tV/lzCGXplWsiaMjLqP2zQ==",
      "bin": {
        "node-gyp-build": "bin.js",
        "node-gyp-build-optional": "optional.js",
        "node-gyp-build-test": "build-test.js"
      }
    },
    "node_modules/zeromq": {
      "version": "5.3.1",
      "resolved": "https://registry.npmjs.org/zeromq/-/zeromq-5.3.1.tgz",
      "integrity": "sha512-4WDF9bNWWXe8OAI319bVw5dmG4BklEk8wzFGwRQxEzKb+0mgDU5J/jtyZPo0BEusVIU1+3mRQIEdT5LtQn+aAw==",
      "hasInstallScript": true,
      "dependencies": {
        "nan": "2.17.0",
        "node-gyp-build": "^4.5.0"
      },
      "engines": {
        "node": ">=6.0"
      }
    }
  },
  "dependencies": {
    "nan": {
      "version": "2.17.0",
      "resolved": "https://registry.npmjs.org/nan/-/nan-2.17.0.tgz",
      "integrity": "sha512-2ZTgtl0nJsO0KQCjEpxcIr5D+Yv90plTitZt9JBfQvVJDS5seMl3FOvsh3+9CoYWXf/1l5OaZzzF6nDm4cagaQ=="
    },
    "node-gyp-build": {
      "version": "4.6.0",
      "resolved": "https://registry.npmjs.org/node-gyp-build/-/node-gyp-build-4.6.0.tgz",
      "integrity": "sha512-NTZVKn9IylLwUzaKjkas1e4u2DLNcV4rdYagA4PWdPwW87Bi7z+BznyKSRwS/761tV/lzCGXplWsiaMjLqP2zQ=="
    },
    "zeromq": {
      "version": "5.3.1",
      "resolved": "https://registry.npmjs.org/zeromq/-/zeromq-5.3.1.tgz",
      "integrity": "sha512-4WDF9bNWWXe8OAI319bVw5dmG4BklEk8wzFGwRQxEzKb+0mgDU5J/jtyZPo0BEusVIU1+3mRQIEdT5LtQn+aAw==",
      "requires": {
        "nan": "2.17.0",
        "node-gyp-build": "^4.5.0"
      }
    }
  }
}
